
Microsoft Visual Studio Solution File, Format Version 12.00
# Visual Studio Version 17
VisualStudioVersion = 17.0.32112.339
MinimumVisualStudioVersion = 10.0.40219.1
Project("{9A19103F-16F7-4668-BE54-9A1E7A4F7556}") = "Vextech APP", "Vextech APP\Vextech APP.csproj", "{02739F83-DA91-4A17-A286-DB710B8A5293}"
EndProject
Project("{9A19103F-16F7-4668-BE54-9A1E7A4F7556}") = "Vextech API", "Vextech API\Vextech API.csproj", "{46429E77-2CE0-46C4-ADCA-FA2B208DFBBA}"
EndProject
Project("{FAE04EC0-301F-11D3-BF4B-00C04F79EFBC}") = "Vextech.Tests", "Vextech.Tests\Vextech.Tests.csproj", "{97F4B3C5-971B-431F-966F-5C0C17226C3E}"
EndProject
Global
	GlobalSection(SolutionConfigurationPlatforms) = preSolution
		Debug|Any CPU = Debug|Any CPU
		Release|Any CPU = Release|Any CPU
	EndGlobalSection
	GlobalSection(ProjectConfigurationPlatforms) = postSolution
		{02739F83-DA91-4A17-A286-DB710B8A5293}.Debug|Any CPU.ActiveCfg = Debug|Any CPU
		{02739F83-DA91-4A17-A286-DB710B8A5293}.Debug|Any CPU.Build.0 = Debug|Any CPU
		{02739F83-DA91-4A17-A286-DB710B8A5293}.Release|Any CPU.ActiveCfg = Release|Any CPU
		{02739F83-DA91-4A17-A286-DB710B8A5293}.Release|Any CPU.Build.0 = Release|Any CPU
		{46429E77-2CE0-46C4-ADCA-FA2B208DFBBA}.Debug|Any CPU.ActiveCfg = Debug|Any CPU
		{46429E77-2CE0-46C4-ADCA-FA2B208DFBBA}.Debug|Any CPU.Build.0 = Debug|Any CPU
		{46429E77-2CE0-46C4-ADCA-FA2B208DFBBA}.Release|Any CPU.ActiveCfg = Release|Any CPU
		{46429E77-2CE0-46C4-ADCA-FA2B208DFBBA}.Release|Any CPU.Build.0 = Release|Any CPU
		{97F4B3C5-971B-431F-966F-5C0C17226C3E}.Debug|Any CPU.ActiveCfg = Debug|Any CPU
		{97F4B3C5-971B-431F-966F-5C0C17226C3E}.Debug|Any CPU.Build.0 = Debug|Any CPU
		{97F4B3C5-971B-431F-966F-5C0C17226C3E}.Release|Any CPU.ActiveCfg = Release|Any CPU
		{97F4B3C5-971B-431F-966F-5C0C17226C3E}.Release|Any CPU.Build.0 = Release|Any CPU
	EndGlobalSection
	GlobalSection(SolutionProperties) = preSolution
		HideSolutionNode = FALSE
	EndGlobalSection
	GlobalSection(ExtensibilityGlobals) = postSolution
		SolutionGuid = {C48E7F68-A866-4B16-B6D9-3078E802E2E0}
	EndGlobalSection
EndGlobal
